
Microsoft Visual Studio Solution File, Format Version 12.00
# Visual Studio 15
VisualStudioVersion = 15.0.28307.572
MinimumVisualStudioVersion = 10.0.40219.1
Project("{9A19103F-16F7-4668-BE54-9A1E7A4F7556}") = "DSM", "DSM\DSM.csproj", "{457A6461-5EDD-4DE2-A41B-E5A6CDAE59EA}"
	ProjectSection(ProjectDependencies) = postProject
		{405C5650-7502-41A0-9EE5-DF798B888446} = {405C5650-7502-41A0-9EE5-DF798B888446}
		{22B5A791-47E3-4546-A6E6-C7B6BCDB51DD} = {22B5A791-47E3-4546-A6E6-C7B6BCDB51DD}
		{726DC4C9-A463-419E-A25A-6AC5A8051D9E} = {726DC4C9-A463-419E-A25A-6AC5A8051D9E}
		{0B694EDB-F1D1-4897-8DE7-F257CF656F23} = {0B694EDB-F1D1-4897-8DE7-F257CF656F23}
	EndProjectSection
EndProject
Project("{FAE04EC0-301F-11D3-BF4B-00C04F79EFBC}") = "DSM.DAL", "DSM.DAL\DSM.DAL.csproj", "{22B5A791-47E3-4546-A6E6-C7B6BCDB51DD}"
	ProjectSection(ProjectDependencies) = postProject
		{405C5650-7502-41A0-9EE5-DF798B888446} = {405C5650-7502-41A0-9EE5-DF798B888446}
		{726DC4C9-A463-419E-A25A-6AC5A8051D9E} = {726DC4C9-A463-419E-A25A-6AC5A8051D9E}
		{0B694EDB-F1D1-4897-8DE7-F257CF656F23} = {0B694EDB-F1D1-4897-8DE7-F257CF656F23}
	EndProjectSection
EndProject
Project("{FAE04EC0-301F-11D3-BF4B-00C04F79EFBC}") = "DSM.DBModels", "DSM.DBModels\DSM.DBModels.csproj", "{726DC4C9-A463-419E-A25A-6AC5A8051D9E}"
EndProject
Project("{FAE04EC0-301F-11D3-BF4B-00C04F79EFBC}") = "DSM.EntityModels", "DSM.EntityModels\DSM.EntityModels.csproj", "{405C5650-7502-41A0-9EE5-DF798B888446}"
EndProject
Project("{FAE04EC0-301F-11D3-BF4B-00C04F79EFBC}") = "DSM.Interface", "DSM.Interface\DSM.Interface.csproj", "{0B694EDB-F1D1-4897-8DE7-F257CF656F23}"
	ProjectSection(ProjectDependencies) = postProject
		{405C5650-7502-41A0-9EE5-DF798B888446} = {405C5650-7502-41A0-9EE5-DF798B888446}
		{726DC4C9-A463-419E-A25A-6AC5A8051D9E} = {726DC4C9-A463-419E-A25A-6AC5A8051D9E}
	EndProjectSection
EndProject
Global
	GlobalSection(SolutionConfigurationPlatforms) = preSolution
		Debug|Any CPU = Debug|Any CPU
		Release|Any CPU = Release|Any CPU
	EndGlobalSection
	GlobalSection(ProjectConfigurationPlatforms) = postSolution
		{457A6461-5EDD-4DE2-A41B-E5A6CDAE59EA}.Debug|Any CPU.ActiveCfg = Debug|Any CPU
		{457A6461-5EDD-4DE2-A41B-E5A6CDAE59EA}.Debug|Any CPU.Build.0 = Debug|Any CPU
		{457A6461-5EDD-4DE2-A41B-E5A6CDAE59EA}.Release|Any CPU.ActiveCfg = Release|Any CPU
		{457A6461-5EDD-4DE2-A41B-E5A6CDAE59EA}.Release|Any CPU.Build.0 = Release|Any CPU
		{22B5A791-47E3-4546-A6E6-C7B6BCDB51DD}.Debug|Any CPU.ActiveCfg = Debug|Any CPU
		{22B5A791-47E3-4546-A6E6-C7B6BCDB51DD}.Debug|Any CPU.Build.0 = Debug|Any CPU
		{22B5A791-47E3-4546-A6E6-C7B6BCDB51DD}.Release|Any CPU.ActiveCfg = Release|Any CPU
		{22B5A791-47E3-4546-A6E6-C7B6BCDB51DD}.Release|Any CPU.Build.0 = Release|Any CPU
		{726DC4C9-A463-419E-A25A-6AC5A8051D9E}.Debug|Any CPU.ActiveCfg = Debug|Any CPU
		{726DC4C9-A463-419E-A25A-6AC5A8051D9E}.Debug|Any CPU.Build.0 = Debug|Any CPU
		{726DC4C9-A463-419E-A25A-6AC5A8051D9E}.Release|Any CPU.ActiveCfg = Release|Any CPU
		{726DC4C9-A463-419E-A25A-6AC5A8051D9E}.Release|Any CPU.Build.0 = Release|Any CPU
		{405C5650-7502-41A0-9EE5-DF798B888446}.Debug|Any CPU.ActiveCfg = Debug|Any CPU
		{405C5650-7502-41A0-9EE5-DF798B888446}.Debug|Any CPU.Build.0 = Debug|Any CPU
		{405C5650-7502-41A0-9EE5-DF798B888446}.Release|Any CPU.ActiveCfg = Release|Any CPU
		{405C5650-7502-41A0-9EE5-DF798B888446}.Release|Any CPU.Build.0 = Release|Any CPU
		{0B694EDB-F1D1-4897-8DE7-F257CF656F23}.Debug|Any CPU.ActiveCfg = Debug|Any CPU
		{0B694EDB-F1D1-4897-8DE7-F257CF656F23}.Debug|Any CPU.Build.0 = Debug|Any CPU
		{0B694EDB-F1D1-4897-8DE7-F257CF656F23}.Release|Any CPU.ActiveCfg = Release|Any CPU
		{0B694EDB-F1D1-4897-8DE7-F257CF656F23}.Release|Any CPU.Build.0 = Release|Any CPU
	EndGlobalSection
	GlobalSection(SolutionProperties) = preSolution
		HideSolutionNode = FALSE
	EndGlobalSection
	GlobalSection(ExtensibilityGlobals) = postSolution
		SolutionGuid = {75B8841A-66D9-450D-80E2-E35B16C26D2D}
	EndGlobalSection
EndGlobal
